
Microsoft Visual Studio Solution File, Format Version 12.00
# Visual Studio Version 17
VisualStudioVersion = 17.1.32210.238
MinimumVisualStudioVersion = 10.0.40219.1
Project("{9A19103F-16F7-4668-BE54-9A1E7A4F7556}") = "PCW.Service", "PCW.Service\PCW.Service.csproj", "{D2507B09-FF9B-4F4A-BA83-CE7171693B5B}"
EndProject
Project("{9A19103F-16F7-4668-BE54-9A1E7A4F7556}") = "PCW.Desktop", "PCW.Desktop\PCW.Desktop.csproj", "{EF381C62-94C1-45E7-890D-4A3D10C42537}"
EndProject
Project("{9A19103F-16F7-4668-BE54-9A1E7A4F7556}") = "PCW.Interfaces", "PCW.Interfaces\PCW.Interfaces.csproj", "{FF6862DD-4226-4EE9-9022-5EC91559292F}"
EndProject
Project("{9A19103F-16F7-4668-BE54-9A1E7A4F7556}") = "PCW.Contracts", "PCW.Contracts\PCW.Contracts.csproj", "{68346981-09A0-4852-9874-CC9D0F26175F}"
EndProject
Project("{2150E333-8FDC-42A3-9474-1A3956D46DE8}") = "Data", "Data", "{D2185F3B-1966-4250-93DA-738FB27BE3EA}"
EndProject
Project("{9A19103F-16F7-4668-BE54-9A1E7A4F7556}") = "PCW.Data.Entities", "PCW.Data.Entities\PCW.Data.Entities.csproj", "{98259C56-2989-4373-8547-38B47FE68720}"
EndProject
Project("{9A19103F-16F7-4668-BE54-9A1E7A4F7556}") = "PCW.Api", "PCW.Api\PCW.Api.csproj", "{4D2E0E04-4274-4EB3-A6A3-FB267A5AB805}"
EndProject
Project("{2150E333-8FDC-42A3-9474-1A3956D46DE8}") = "Client", "Client", "{4EC0266D-CB3A-43FC-910B-0D2254CBCEDA}"
EndProject
Project("{2150E333-8FDC-42A3-9474-1A3956D46DE8}") = "Api", "Api", "{92AF9455-22E2-4B7F-A8B2-1486F35095DD}"
EndProject
Project("{2150E333-8FDC-42A3-9474-1A3956D46DE8}") = "RpcServices", "RpcServices", "{A21DE408-C4C7-4EFB-BF71-F50DE3EB5D8B}"
EndProject
Project("{9A19103F-16F7-4668-BE54-9A1E7A4F7556}") = "PCW.Rpc.PostCardService", "PCW.Rpc.PostCardService\PCW.Rpc.PostCardService.csproj", "{FB7C759C-37DB-4732-8302-3F5C96FC5052}"
EndProject
Project("{9A19103F-16F7-4668-BE54-9A1E7A4F7556}") = "PCW.Rpc.TagService", "PCW.Rpc.TagService\PCW.Rpc.TagService.csproj", "{4055509F-E76B-4A01-B07C-B5504EF7204C}"
EndProject
Project("{9A19103F-16F7-4668-BE54-9A1E7A4F7556}") = "PCW.Data.SQLite", "PCW.Data.SQLite\PCW.Data.SQLite.csproj", "{3C089A32-8A5E-415A-8E39-A99DBB07FD9C}"
EndProject
Project("{2150E333-8FDC-42A3-9474-1A3956D46DE8}") = "Storage", "Storage", "{0C055F6C-04D3-4B0F-97D1-2AF9E7BDC27E}"
EndProject
Project("{FAE04EC0-301F-11D3-BF4B-00C04F79EFBC}") = "PCW.Storage.FileStorage", "PCW.Storage.FileStorage\PCW.Storage.FileStorage.csproj", "{502AF40B-AE15-4127-BC93-C207B65E36FD}"
EndProject
Global
	GlobalSection(SolutionConfigurationPlatforms) = preSolution
		Debug|Any CPU = Debug|Any CPU
		Release|Any CPU = Release|Any CPU
	EndGlobalSection
	GlobalSection(ProjectConfigurationPlatforms) = postSolution
		{D2507B09-FF9B-4F4A-BA83-CE7171693B5B}.Debug|Any CPU.ActiveCfg = Debug|Any CPU
		{D2507B09-FF9B-4F4A-BA83-CE7171693B5B}.Debug|Any CPU.Build.0 = Debug|Any CPU
		{D2507B09-FF9B-4F4A-BA83-CE7171693B5B}.Release|Any CPU.ActiveCfg = Release|Any CPU
		{D2507B09-FF9B-4F4A-BA83-CE7171693B5B}.Release|Any CPU.Build.0 = Release|Any CPU
		{EF381C62-94C1-45E7-890D-4A3D10C42537}.Debug|Any CPU.ActiveCfg = Debug|Any CPU
		{EF381C62-94C1-45E7-890D-4A3D10C42537}.Debug|Any CPU.Build.0 = Debug|Any CPU
		{EF381C62-94C1-45E7-890D-4A3D10C42537}.Release|Any CPU.ActiveCfg = Release|Any CPU
		{EF381C62-94C1-45E7-890D-4A3D10C42537}.Release|Any CPU.Build.0 = Release|Any CPU
		{FF6862DD-4226-4EE9-9022-5EC91559292F}.Debug|Any CPU.ActiveCfg = Debug|Any CPU
		{FF6862DD-4226-4EE9-9022-5EC91559292F}.Debug|Any CPU.Build.0 = Debug|Any CPU
		{FF6862DD-4226-4EE9-9022-5EC91559292F}.Release|Any CPU.ActiveCfg = Release|Any CPU
		{FF6862DD-4226-4EE9-9022-5EC91559292F}.Release|Any CPU.Build.0 = Release|Any CPU
		{68346981-09A0-4852-9874-CC9D0F26175F}.Debug|Any CPU.ActiveCfg = Debug|Any CPU
		{68346981-09A0-4852-9874-CC9D0F26175F}.Debug|Any CPU.Build.0 = Debug|Any CPU
		{68346981-09A0-4852-9874-CC9D0F26175F}.Release|Any CPU.ActiveCfg = Release|Any CPU
		{68346981-09A0-4852-9874-CC9D0F26175F}.Release|Any CPU.Build.0 = Release|Any CPU
		{98259C56-2989-4373-8547-38B47FE68720}.Debug|Any CPU.ActiveCfg = Debug|Any CPU
		{98259C56-2989-4373-8547-38B47FE68720}.Debug|Any CPU.Build.0 = Debug|Any CPU
		{98259C56-2989-4373-8547-38B47FE68720}.Release|Any CPU.ActiveCfg = Release|Any CPU
		{98259C56-2989-4373-8547-38B47FE68720}.Release|Any CPU.Build.0 = Release|Any CPU
		{4D2E0E04-4274-4EB3-A6A3-FB267A5AB805}.Debug|Any CPU.ActiveCfg = Debug|Any CPU
		{4D2E0E04-4274-4EB3-A6A3-FB267A5AB805}.Debug|Any CPU.Build.0 = Debug|Any CPU
		{4D2E0E04-4274-4EB3-A6A3-FB267A5AB805}.Release|Any CPU.ActiveCfg = Release|Any CPU
		{4D2E0E04-4274-4EB3-A6A3-FB267A5AB805}.Release|Any CPU.Build.0 = Release|Any CPU
		{FB7C759C-37DB-4732-8302-3F5C96FC5052}.Debug|Any CPU.ActiveCfg = Debug|Any CPU
		{FB7C759C-37DB-4732-8302-3F5C96FC5052}.Debug|Any CPU.Build.0 = Debug|Any CPU
		{FB7C759C-37DB-4732-8302-3F5C96FC5052}.Release|Any CPU.ActiveCfg = Release|Any CPU
		{FB7C759C-37DB-4732-8302-3F5C96FC5052}.Release|Any CPU.Build.0 = Release|Any CPU
		{4055509F-E76B-4A01-B07C-B5504EF7204C}.Debug|Any CPU.ActiveCfg = Debug|Any CPU
		{4055509F-E76B-4A01-B07C-B5504EF7204C}.Debug|Any CPU.Build.0 = Debug|Any CPU
		{4055509F-E76B-4A01-B07C-B5504EF7204C}.Release|Any CPU.ActiveCfg = Release|Any CPU
		{4055509F-E76B-4A01-B07C-B5504EF7204C}.Release|Any CPU.Build.0 = Release|Any CPU
		{3C089A32-8A5E-415A-8E39-A99DBB07FD9C}.Debug|Any CPU.ActiveCfg = Debug|Any CPU
		{3C089A32-8A5E-415A-8E39-A99DBB07FD9C}.Debug|Any CPU.Build.0 = Debug|Any CPU
		{3C089A32-8A5E-415A-8E39-A99DBB07FD9C}.Release|Any CPU.ActiveCfg = Release|Any CPU
		{3C089A32-8A5E-415A-8E39-A99DBB07FD9C}.Release|Any CPU.Build.0 = Release|Any CPU
		{502AF40B-AE15-4127-BC93-C207B65E36FD}.Debug|Any CPU.ActiveCfg = Debug|Any CPU
		{502AF40B-AE15-4127-BC93-C207B65E36FD}.Debug|Any CPU.Build.0 = Debug|Any CPU
		{502AF40B-AE15-4127-BC93-C207B65E36FD}.Release|Any CPU.ActiveCfg = Release|Any CPU
		{502AF40B-AE15-4127-BC93-C207B65E36FD}.Release|Any CPU.Build.0 = Release|Any CPU
	EndGlobalSection
	GlobalSection(SolutionProperties) = preSolution
		HideSolutionNode = FALSE
	EndGlobalSection
	GlobalSection(NestedProjects) = preSolution
		{EF381C62-94C1-45E7-890D-4A3D10C42537} = {4EC0266D-CB3A-43FC-910B-0D2254CBCEDA}
		{98259C56-2989-4373-8547-38B47FE68720} = {D2185F3B-1966-4250-93DA-738FB27BE3EA}
		{4D2E0E04-4274-4EB3-A6A3-FB267A5AB805} = {92AF9455-22E2-4B7F-A8B2-1486F35095DD}
		{FB7C759C-37DB-4732-8302-3F5C96FC5052} = {A21DE408-C4C7-4EFB-BF71-F50DE3EB5D8B}
		{4055509F-E76B-4A01-B07C-B5504EF7204C} = {A21DE408-C4C7-4EFB-BF71-F50DE3EB5D8B}
		{3C089A32-8A5E-415A-8E39-A99DBB07FD9C} = {D2185F3B-1966-4250-93DA-738FB27BE3EA}
		{502AF40B-AE15-4127-BC93-C207B65E36FD} = {0C055F6C-04D3-4B0F-97D1-2AF9E7BDC27E}
	EndGlobalSection
	GlobalSection(ExtensibilityGlobals) = postSolution
		SolutionGuid = {28F9BA6B-3FEA-44BA-B749-A959055C1A5E}
	EndGlobalSection
EndGlobal
